
Microsoft Visual Studio Solution File, Format Version 12.00
Project("{FAE04EC0-301F-11D3-BF4B-00C04F79EFBC}") = "Domain", "Domain\Domain.csproj", "{301D6021-B084-4F5A-91D5-9B6DDB6E3A65}"
EndProject
Project("{FAE04EC0-301F-11D3-BF4B-00C04F79EFBC}") = "Application", "Application\Application.csproj", "{B0E2AD7A-AAD8-4195-B01E-9272BB343337}"
EndProject
Global
	GlobalSection(SolutionConfigurationPlatforms) = preSolution
		Debug|Any CPU = Debug|Any CPU
		Release|Any CPU = Release|Any CPU
	EndGlobalSection
	GlobalSection(ProjectConfigurationPlatforms) = postSolution
		{301D6021-B084-4F5A-91D5-9B6DDB6E3A65}.Debug|Any CPU.ActiveCfg = Debug|Any CPU
		{301D6021-B084-4F5A-91D5-9B6DDB6E3A65}.Debug|Any CPU.Build.0 = Debug|Any CPU
		{301D6021-B084-4F5A-91D5-9B6DDB6E3A65}.Release|Any CPU.ActiveCfg = Release|Any CPU
		{301D6021-B084-4F5A-91D5-9B6DDB6E3A65}.Release|Any CPU.Build.0 = Release|Any CPU
		{B0E2AD7A-AAD8-4195-B01E-9272BB343337}.Debug|Any CPU.ActiveCfg = Debug|Any CPU
		{B0E2AD7A-AAD8-4195-B01E-9272BB343337}.Debug|Any CPU.Build.0 = Debug|Any CPU
		{B0E2AD7A-AAD8-4195-B01E-9272BB343337}.Release|Any CPU.ActiveCfg = Release|Any CPU
		{B0E2AD7A-AAD8-4195-B01E-9272BB343337}.Release|Any CPU.Build.0 = Release|Any CPU
	EndGlobalSection
EndGlobal
